
Microsoft Visual Studio Solution File, Format Version 12.00
# Visual Studio Version 16
VisualStudioVersion = 16.0.29418.71
MinimumVisualStudioVersion = 10.0.40219.1
Project("{9A19103F-16F7-4668-BE54-9A1E7A4F7556}") = "ProjectManagementSystem", "ProjectManagementSystem\ProjectManagementSystem.csproj", "{2EF38D11-FBD7-4ECD-AF06-D49F3AF9F2D9}"
EndProject
Project("{FAE04EC0-301F-11D3-BF4B-00C04F79EFBC}") = "DAL", "DAL\DAL.csproj", "{00774EA6-FF83-4238-B197-361D561B7CA3}"
EndProject
Project("{FAE04EC0-301F-11D3-BF4B-00C04F79EFBC}") = "Shared", "Shared\Shared.csproj", "{60A765CD-97CF-45F9-9ED2-6179EAE0E0BC}"
EndProject
Global
	GlobalSection(SolutionConfigurationPlatforms) = preSolution
		Debug|Any CPU = Debug|Any CPU
		Release|Any CPU = Release|Any CPU
	EndGlobalSection
	GlobalSection(ProjectConfigurationPlatforms) = postSolution
		{2EF38D11-FBD7-4ECD-AF06-D49F3AF9F2D9}.Debug|Any CPU.ActiveCfg = Debug|Any CPU
		{2EF38D11-FBD7-4ECD-AF06-D49F3AF9F2D9}.Debug|Any CPU.Build.0 = Debug|Any CPU
		{2EF38D11-FBD7-4ECD-AF06-D49F3AF9F2D9}.Release|Any CPU.ActiveCfg = Release|Any CPU
		{2EF38D11-FBD7-4ECD-AF06-D49F3AF9F2D9}.Release|Any CPU.Build.0 = Release|Any CPU
		{00774EA6-FF83-4238-B197-361D561B7CA3}.Debug|Any CPU.ActiveCfg = Debug|Any CPU
		{00774EA6-FF83-4238-B197-361D561B7CA3}.Debug|Any CPU.Build.0 = Debug|Any CPU
		{00774EA6-FF83-4238-B197-361D561B7CA3}.Release|Any CPU.ActiveCfg = Release|Any CPU
		{00774EA6-FF83-4238-B197-361D561B7CA3}.Release|Any CPU.Build.0 = Release|Any CPU
		{60A765CD-97CF-45F9-9ED2-6179EAE0E0BC}.Debug|Any CPU.ActiveCfg = Debug|Any CPU
		{60A765CD-97CF-45F9-9ED2-6179EAE0E0BC}.Debug|Any CPU.Build.0 = Debug|Any CPU
		{60A765CD-97CF-45F9-9ED2-6179EAE0E0BC}.Release|Any CPU.ActiveCfg = Release|Any CPU
		{60A765CD-97CF-45F9-9ED2-6179EAE0E0BC}.Release|Any CPU.Build.0 = Release|Any CPU
	EndGlobalSection
	GlobalSection(SolutionProperties) = preSolution
		HideSolutionNode = FALSE
	EndGlobalSection
	GlobalSection(ExtensibilityGlobals) = postSolution
		SolutionGuid = {BF2C9F75-E27E-4FB2-B30C-158C7560EDD6}
	EndGlobalSection
EndGlobal
